
Microsoft Visual Studio Solution File, Format Version 12.00
# Visual Studio Version 17
VisualStudioVersion = 17.3.32929.385
MinimumVisualStudioVersion = 10.0.40219.1
Project("{FAE04EC0-301F-11D3-BF4B-00C04F79EFBC}") = "Lr_Num_2", "Lr_Num_2\Lr_Num_2.csproj", "{63121367-AAEF-4C47-AD81-EFB655251523}"
EndProject
Global
	GlobalSection(SolutionConfigurationPlatforms) = preSolution
		Debug|Any CPU = Debug|Any CPU
		Release|Any CPU = Release|Any CPU
	EndGlobalSection
	GlobalSection(ProjectConfigurationPlatforms) = postSolution
		{63121367-AAEF-4C47-AD81-EFB655251523}.Debug|Any CPU.ActiveCfg = Debug|Any CPU
		{63121367-AAEF-4C47-AD81-EFB655251523}.Debug|Any CPU.Build.0 = Debug|Any CPU
		{63121367-AAEF-4C47-AD81-EFB655251523}.Release|Any CPU.ActiveCfg = Release|Any CPU
		{63121367-AAEF-4C47-AD81-EFB655251523}.Release|Any CPU.Build.0 = Release|Any CPU
	EndGlobalSection
	GlobalSection(SolutionProperties) = preSolution
		HideSolutionNode = FALSE
	EndGlobalSection
	GlobalSection(ExtensibilityGlobals) = postSolution
		SolutionGuid = {7096680D-01EF-49F0-8475-73FB56BD250E}
	EndGlobalSection
EndGlobal
